
Microsoft Visual Studio Solution File, Format Version 12.00
# Visual Studio Version 17
VisualStudioVersion = 17.8.34525.116
MinimumVisualStudioVersion = 10.0.40219.1
Project("{9A19103F-16F7-4668-BE54-9A1E7A4F7556}") = "Exercise1", "Exercise1\Exercise1.csproj", "{F92A0CD1-C83F-480A-BE9E-BF53F521F79E}"
EndProject
Project("{9A19103F-16F7-4668-BE54-9A1E7A4F7556}") = "Exercise2", "Exercise2\Exercise2.csproj", "{0FE20C52-3BC4-4C89-AC60-E917BFDC8234}"
EndProject
Project("{9A19103F-16F7-4668-BE54-9A1E7A4F7556}") = "Exercise3", "Exercise3\Exercise3.csproj", "{BF83840A-0B8A-4AC3-9B1A-58061801428B}"
EndProject
Project("{9A19103F-16F7-4668-BE54-9A1E7A4F7556}") = "Exercise4", "Exercise4\Exercise4.csproj", "{A82921D6-BBCC-4DD9-9591-B06FD4669622}"
EndProject
Project("{9A19103F-16F7-4668-BE54-9A1E7A4F7556}") = "Exercise6", "Exercise6\Exercise6.csproj", "{9F78EFBB-D92D-4AFA-BE32-C746A764F3F9}"
EndProject
Project("{FAE04EC0-301F-11D3-BF4B-00C04F79EFBC}") = "Exercise13", "Exercise13\Exercise13.csproj", "{5141E9C6-40DC-4D4F-9A74-CE18D4066D20}"
EndProject
Global
	GlobalSection(SolutionConfigurationPlatforms) = preSolution
		Debug|Any CPU = Debug|Any CPU
		Release|Any CPU = Release|Any CPU
	EndGlobalSection
	GlobalSection(ProjectConfigurationPlatforms) = postSolution
		{F92A0CD1-C83F-480A-BE9E-BF53F521F79E}.Debug|Any CPU.ActiveCfg = Debug|Any CPU
		{F92A0CD1-C83F-480A-BE9E-BF53F521F79E}.Debug|Any CPU.Build.0 = Debug|Any CPU
		{F92A0CD1-C83F-480A-BE9E-BF53F521F79E}.Release|Any CPU.ActiveCfg = Release|Any CPU
		{F92A0CD1-C83F-480A-BE9E-BF53F521F79E}.Release|Any CPU.Build.0 = Release|Any CPU
		{0FE20C52-3BC4-4C89-AC60-E917BFDC8234}.Debug|Any CPU.ActiveCfg = Debug|Any CPU
		{0FE20C52-3BC4-4C89-AC60-E917BFDC8234}.Debug|Any CPU.Build.0 = Debug|Any CPU
		{0FE20C52-3BC4-4C89-AC60-E917BFDC8234}.Release|Any CPU.ActiveCfg = Release|Any CPU
		{0FE20C52-3BC4-4C89-AC60-E917BFDC8234}.Release|Any CPU.Build.0 = Release|Any CPU
		{BF83840A-0B8A-4AC3-9B1A-58061801428B}.Debug|Any CPU.ActiveCfg = Debug|Any CPU
		{BF83840A-0B8A-4AC3-9B1A-58061801428B}.Debug|Any CPU.Build.0 = Debug|Any CPU
		{BF83840A-0B8A-4AC3-9B1A-58061801428B}.Release|Any CPU.ActiveCfg = Release|Any CPU
		{BF83840A-0B8A-4AC3-9B1A-58061801428B}.Release|Any CPU.Build.0 = Release|Any CPU
		{A82921D6-BBCC-4DD9-9591-B06FD4669622}.Debug|Any CPU.ActiveCfg = Debug|Any CPU
		{A82921D6-BBCC-4DD9-9591-B06FD4669622}.Debug|Any CPU.Build.0 = Debug|Any CPU
		{A82921D6-BBCC-4DD9-9591-B06FD4669622}.Release|Any CPU.ActiveCfg = Release|Any CPU
		{A82921D6-BBCC-4DD9-9591-B06FD4669622}.Release|Any CPU.Build.0 = Release|Any CPU
		{9F78EFBB-D92D-4AFA-BE32-C746A764F3F9}.Debug|Any CPU.ActiveCfg = Debug|Any CPU
		{9F78EFBB-D92D-4AFA-BE32-C746A764F3F9}.Debug|Any CPU.Build.0 = Debug|Any CPU
		{9F78EFBB-D92D-4AFA-BE32-C746A764F3F9}.Release|Any CPU.ActiveCfg = Release|Any CPU
		{9F78EFBB-D92D-4AFA-BE32-C746A764F3F9}.Release|Any CPU.Build.0 = Release|Any CPU
		{5141E9C6-40DC-4D4F-9A74-CE18D4066D20}.Debug|Any CPU.ActiveCfg = Debug|Any CPU
		{5141E9C6-40DC-4D4F-9A74-CE18D4066D20}.Debug|Any CPU.Build.0 = Debug|Any CPU
		{5141E9C6-40DC-4D4F-9A74-CE18D4066D20}.Release|Any CPU.ActiveCfg = Release|Any CPU
		{5141E9C6-40DC-4D4F-9A74-CE18D4066D20}.Release|Any CPU.Build.0 = Release|Any CPU
	EndGlobalSection
	GlobalSection(SolutionProperties) = preSolution
		HideSolutionNode = FALSE
	EndGlobalSection
	GlobalSection(ExtensibilityGlobals) = postSolution
		SolutionGuid = {89154BD3-7C19-46A0-8C6B-9C5536693AA5}
	EndGlobalSection
EndGlobal
